
Microsoft Visual Studio Solution File, Format Version 12.00
# Visual Studio Version 17
VisualStudioVersion = 17.3.32901.215
MinimumVisualStudioVersion = 10.0.40219.1
Project("{FAE04EC0-301F-11D3-BF4B-00C04F79EFBC}") = "regiscrud", "regiscrud\regiscrud.csproj", "{1339E9FA-B98E-405F-8EE6-E8642E2DC004}"
EndProject
Global
	GlobalSection(SolutionConfigurationPlatforms) = preSolution
		Debug|Any CPU = Debug|Any CPU
		Release|Any CPU = Release|Any CPU
	EndGlobalSection
	GlobalSection(ProjectConfigurationPlatforms) = postSolution
		{1339E9FA-B98E-405F-8EE6-E8642E2DC004}.Debug|Any CPU.ActiveCfg = Debug|Any CPU
		{1339E9FA-B98E-405F-8EE6-E8642E2DC004}.Debug|Any CPU.Build.0 = Debug|Any CPU
		{1339E9FA-B98E-405F-8EE6-E8642E2DC004}.Release|Any CPU.ActiveCfg = Release|Any CPU
		{1339E9FA-B98E-405F-8EE6-E8642E2DC004}.Release|Any CPU.Build.0 = Release|Any CPU
	EndGlobalSection
	GlobalSection(SolutionProperties) = preSolution
		HideSolutionNode = FALSE
	EndGlobalSection
	GlobalSection(ExtensibilityGlobals) = postSolution
		SolutionGuid = {10AAEE90-531D-427D-8660-4079F0D1AF16}
	EndGlobalSection
EndGlobal
